// !$*UTF8*$!
{
	archiveVersion = 1;
	classes = {
	};
	objectVersion = 46;
	objects = {

/* Begin PBXBuildFile section */
		0A9D2BEBFD6989F2AE1BC97A /* Pods_SLWeiBoTests.framework in Frameworks */ = {isa = PBXBuildFile; fileRef = C667F88693BD8BA1196719EF /* Pods_SLWeiBoTests.framework */; };
		86CE7346CEB94E33BF1E1F63 /* Pods_SLWeiBo.framework in Frameworks */ = {isa = PBXBuildFile; fileRef = CAF1DB21D87F4CC524DBC1A7 /* Pods_SLWeiBo.framework */; };
		9217BB771E73F1C100F26475 /* Newfeature.storyboard in Resources */ = {isa = PBXBuildFile; fileRef = 9217BB751E73F1C100F26475 /* Newfeature.storyboard */; };
		9217BB781E73F1C100F26475 /* NewfeatureViewController.swift in Sources */ = {isa = PBXBuildFile; fileRef = 9217BB761E73F1C100F26475 /* NewfeatureViewController.swift */; };
		922038AB1E77895800C84FCE /* NSDate+DealWithtime.swift in Sources */ = {isa = PBXBuildFile; fileRef = 922038AA1E77895800C84FCE /* NSDate+DealWithtime.swift */; };
		922038AD1E778A0700C84FCE /* User.swift in Sources */ = {isa = PBXBuildFile; fileRef = 922038AC1E778A0700C84FCE /* User.swift */; };
		922038AF1E778C6200C84FCE /* StatusViewModel.swift in Sources */ = {isa = PBXBuildFile; fileRef = 922038AE1E778C6200C84FCE /* StatusViewModel.swift */; };
		922038B31E7799E000C84FCE /* HomeViewCell.swift in Sources */ = {isa = PBXBuildFile; fileRef = 922038B21E7799E000C84FCE /* HomeViewCell.swift */; };
		922E84351E72C8CC00CE80C0 /* UserAccount.swift in Sources */ = {isa = PBXBuildFile; fileRef = 922E84341E72C8CC00CE80C0 /* UserAccount.swift */; };
		922F890A1E6F9BB4002631BA /* OAuthViewController.swift in Sources */ = {isa = PBXBuildFile; fileRef = 922F89081E6F9BB4002631BA /* OAuthViewController.swift */; };
		922F890B1E6F9BB4002631BA /* OAuthViewController.xib in Resources */ = {isa = PBXBuildFile; fileRef = 922F89091E6F9BB4002631BA /* OAuthViewController.xib */; };
		9241AD071E6E56CB008D8BD5 /* MainVCSettings.json in Resources */ = {isa = PBXBuildFile; fileRef = 9241AD061E6E56CB008D8BD5 /* MainVCSettings.json */; };
		9241AD091E6E622D008D8BD5 /* UIButton+Extension.swift in Sources */ = {isa = PBXBuildFile; fileRef = 9241AD081E6E622D008D8BD5 /* UIButton+Extension.swift */; };
		9241AD1D1E6E8CC4008D8BD5 /* Main.storyboard in Resources */ = {isa = PBXBuildFile; fileRef = 9241AD1C1E6E8CC4008D8BD5 /* Main.storyboard */; };
		9241AD1F1E6E8D14008D8BD5 /* Home.storyboard in Resources */ = {isa = PBXBuildFile; fileRef = 9241AD1E1E6E8D14008D8BD5 /* Home.storyboard */; };
		9241AD211E6E8DE4008D8BD5 /* Message.storyboard in Resources */ = {isa = PBXBuildFile; fileRef = 9241AD201E6E8DE4008D8BD5 /* Message.storyboard */; };
		9241AD231E6E8EC0008D8BD5 /* Compose.storyboard in Resources */ = {isa = PBXBuildFile; fileRef = 9241AD221E6E8EC0008D8BD5 /* Compose.storyboard */; };
		9241AD251E6E8F08008D8BD5 /* Discover.storyboard in Resources */ = {isa = PBXBuildFile; fileRef = 9241AD241E6E8F08008D8BD5 /* Discover.storyboard */; };
		9241AD271E6E8F21008D8BD5 /* Profile.storyboard in Resources */ = {isa = PBXBuildFile; fileRef = 9241AD261E6E8F21008D8BD5 /* Profile.storyboard */; };
		9241AD291E6E968C008D8BD5 /* VisitorView.swift in Sources */ = {isa = PBXBuildFile; fileRef = 9241AD281E6E968C008D8BD5 /* VisitorView.swift */; };
		9241AD2B1E6E969D008D8BD5 /* VisitorView.xib in Resources */ = {isa = PBXBuildFile; fileRef = 9241AD2A1E6E969D008D8BD5 /* VisitorView.xib */; };
		9241AD331E6E9A47008D8BD5 /* BaseTableViewController.swift in Sources */ = {isa = PBXBuildFile; fileRef = 9241AD321E6E9A47008D8BD5 /* BaseTableViewController.swift */; };
		9241AD371E6EA619008D8BD5 /* UIBarButtonItem+Extension.swift in Sources */ = {isa = PBXBuildFile; fileRef = 9241AD361E6EA619008D8BD5 /* UIBarButtonItem+Extension.swift */; };
		9241AD391E6EAADD008D8BD5 /* TitleButton.swift in Sources */ = {isa = PBXBuildFile; fileRef = 9241AD381E6EAADD008D8BD5 /* TitleButton.swift */; };
		9241AD4C1E6EB6A9008D8BD5 /* PopoverViewController.swift in Sources */ = {isa = PBXBuildFile; fileRef = 9241AD4A1E6EB6A9008D8BD5 /* PopoverViewController.swift */; };
		9241AD4D1E6EB6A9008D8BD5 /* PopoverViewController.xib in Resources */ = {isa = PBXBuildFile; fileRef = 9241AD4B1E6EB6A9008D8BD5 /* PopoverViewController.xib */; };
		9241AD4F1E6EB79B008D8BD5 /* SLPresentationController.swift in Sources */ = {isa = PBXBuildFile; fileRef = 9241AD4E1E6EB79B008D8BD5 /* SLPresentationController.swift */; };
		9241AD511E6EBB33008D8BD5 /* PopoverAnimator.swift in Sources */ = {isa = PBXBuildFile; fileRef = 9241AD501E6EBB33008D8BD5 /* PopoverAnimator.swift */; };
		9241AD5C1E6EE2D4008D8BD5 /* QRCode.storyboard in Resources */ = {isa = PBXBuildFile; fileRef = 9241AD5A1E6EE2D4008D8BD5 /* QRCode.storyboard */; };
		9241AD5D1E6EE2D4008D8BD5 /* QRCodeViewController.swift in Sources */ = {isa = PBXBuildFile; fileRef = 9241AD5B1E6EE2D4008D8BD5 /* QRCodeViewController.swift */; };
		9241AD5F1E6EF558008D8BD5 /* QRCodeCreateViewController.swift in Sources */ = {isa = PBXBuildFile; fileRef = 9241AD5E1E6EF558008D8BD5 /* QRCodeCreateViewController.swift */; };
		9250B7261E6DAA9000390BBE /* AppDelegate.swift in Sources */ = {isa = PBXBuildFile; fileRef = 9250B7251E6DAA9000390BBE /* AppDelegate.swift */; };
		9250B72D1E6DAA9000390BBE /* Assets.xcassets in Resources */ = {isa = PBXBuildFile; fileRef = 9250B72C1E6DAA9000390BBE /* Assets.xcassets */; };
		9250B7301E6DAA9000390BBE /* LaunchScreen.storyboard in Resources */ = {isa = PBXBuildFile; fileRef = 9250B72E1E6DAA9000390BBE /* LaunchScreen.storyboard */; };
		9250B73B1E6DAA9000390BBE /* SLWeiBoTests.swift in Sources */ = {isa = PBXBuildFile; fileRef = 9250B73A1E6DAA9000390BBE /* SLWeiBoTests.swift */; };
		9250B7461E6DAA9000390BBE /* SLWeiBoUITests.swift in Sources */ = {isa = PBXBuildFile; fileRef = 9250B7451E6DAA9000390BBE /* SLWeiBoUITests.swift */; };
		9250B76F1E6DAB6A00390BBE /* MainViewController.swift in Sources */ = {isa = PBXBuildFile; fileRef = 9250B76E1E6DAB6A00390BBE /* MainViewController.swift */; };
		9250B7711E6DABA200390BBE /* HomeTableViewController.swift in Sources */ = {isa = PBXBuildFile; fileRef = 9250B7701E6DABA200390BBE /* HomeTableViewController.swift */; };
		9250B7731E6DABB000390BBE /* MessageTableViewController.swift in Sources */ = {isa = PBXBuildFile; fileRef = 9250B7721E6DABB000390BBE /* MessageTableViewController.swift */; };
		9250B7751E6DABBC00390BBE /* DiscoverTableViewController.swift in Sources */ = {isa = PBXBuildFile; fileRef = 9250B7741E6DABBC00390BBE /* DiscoverTableViewController.swift */; };
		9250B7771E6DABC600390BBE /* ProfileTableViewController.swift in Sources */ = {isa = PBXBuildFile; fileRef = 9250B7761E6DABC600390BBE /* ProfileTableViewController.swift */; };
		9250B7791E6DB11E00390BBE /* ComposeViewController.swift in Sources */ = {isa = PBXBuildFile; fileRef = 9250B7781E6DB11E00390BBE /* ComposeViewController.swift */; };
		925677EF1E73A43A00C7C227 /* UserAccountViewModel.swift in Sources */ = {isa = PBXBuildFile; fileRef = 925677EE1E73A43A00C7C227 /* UserAccountViewModel.swift */; };
		925677F51E73B0EF00C7C227 /* String+SandboxPath.swift in Sources */ = {isa = PBXBuildFile; fileRef = 925677F41E73B0EF00C7C227 /* String+SandboxPath.swift */; };
		928770291E727F2E00B82B73 /* NetworkTools.swift in Sources */ = {isa = PBXBuildFile; fileRef = 928770281E727F2E00B82B73 /* NetworkTools.swift */; };
		929658EA1E755222008D7E36 /* WelcomeViewController.swift in Sources */ = {isa = PBXBuildFile; fileRef = 929658E81E755222008D7E36 /* WelcomeViewController.swift */; };
		929658ED1E75581A008D7E36 /* WelcomeViewController.xib in Resources */ = {isa = PBXBuildFile; fileRef = 929658EC1E75581A008D7E36 /* WelcomeViewController.xib */; };
		929F30C41E728DBD00E7104B /* OAuthInfo.swift in Sources */ = {isa = PBXBuildFile; fileRef = 929F30C31E728DBD00E7104B /* OAuthInfo.swift */; };
		92CD80261E77F2EC00347B3A /* PicCollectionView.swift in Sources */ = {isa = PBXBuildFile; fileRef = 92CD80251E77F2EC00347B3A /* PicCollectionView.swift */; };
		92F963F71E76A56200ABD8DA /* Common.swift in Sources */ = {isa = PBXBuildFile; fileRef = 92F963F61E76A56200ABD8DA /* Common.swift */; };
		92F964051E76DEE000ABD8DA /* Status.swift in Sources */ = {isa = PBXBuildFile; fileRef = 92F964041E76DEE000ABD8DA /* Status.swift */; };
		AD92AC51B3E9EA7EE3E57344 /* Pods_SLWeiBoUITests.framework in Frameworks */ = {isa = PBXBuildFile; fileRef = 7315829F06E61C78B8021EE0 /* Pods_SLWeiBoUITests.framework */; };
/* End PBXBuildFile section */

/* Begin PBXContainerItemProxy section */
		9250B7371E6DAA9000390BBE /* PBXContainerItemProxy */ = {
			isa = PBXContainerItemProxy;
			containerPortal = 9250B71A1E6DAA9000390BBE /* Project object */;
			proxyType = 1;
			remoteGlobalIDString = 9250B7211E6DAA9000390BBE;
			remoteInfo = SLWeiBo;
		};
		9250B7421E6DAA9000390BBE /* PBXContainerItemProxy */ = {
			isa = PBXContainerItemProxy;
			containerPortal = 9250B71A1E6DAA9000390BBE /* Project object */;
			proxyType = 1;
			remoteGlobalIDString = 9250B7211E6DAA9000390BBE;
			remoteInfo = SLWeiBo;
		};
/* End PBXContainerItemProxy section */

/* Begin PBXFileReference section */
		334482B8173C18A943CC55A0 /* Pods-SLWeiBoUITests.debug.xcconfig */ = {isa = PBXFileReference; includeInIndex = 1; lastKnownFileType = text.xcconfig; name = "Pods-SLWeiBoUITests.debug.xcconfig"; path = "Pods/Target Support Files/Pods-SLWeiBoUITests/Pods-SLWeiBoUITests.debug.xcconfig"; sourceTree = "<group>"; };
		7315829F06E61C78B8021EE0 /* Pods_SLWeiBoUITests.framework */ = {isa = PBXFileReference; explicitFileType = wrapper.framework; includeInIndex = 0; path = Pods_SLWeiBoUITests.framework; sourceTree = BUILT_PRODUCTS_DIR; };
		9217BB751E73F1C100F26475 /* Newfeature.storyboard */ = {isa = PBXFileReference; fileEncoding = 4; lastKnownFileType = file.storyboard; path = Newfeature.storyboard; sourceTree = "<group>"; };
		9217BB761E73F1C100F26475 /* NewfeatureViewController.swift */ = {isa = PBXFileReference; fileEncoding = 4; lastKnownFileType = sourcecode.swift; path = NewfeatureViewController.swift; sourceTree = "<group>"; };
		922038AA1E77895800C84FCE /* NSDate+DealWithtime.swift */ = {isa = PBXFileReference; fileEncoding = 4; lastKnownFileType = sourcecode.swift; path = "NSDate+DealWithtime.swift"; sourceTree = "<group>"; };
		922038AC1E778A0700C84FCE /* User.swift */ = {isa = PBXFileReference; fileEncoding = 4; lastKnownFileType = sourcecode.swift; path = User.swift; sourceTree = "<group>"; };
		922038AE1E778C6200C84FCE /* StatusViewModel.swift */ = {isa = PBXFileReference; fileEncoding = 4; lastKnownFileType = sourcecode.swift; path = StatusViewModel.swift; sourceTree = "<group>"; };
		922038B21E7799E000C84FCE /* HomeViewCell.swift */ = {isa = PBXFileReference; fileEncoding = 4; lastKnownFileType = sourcecode.swift; path = HomeViewCell.swift; sourceTree = "<group>"; };
		922E84341E72C8CC00CE80C0 /* UserAccount.swift */ = {isa = PBXFileReference; fileEncoding = 4; lastKnownFileType = sourcecode.swift; path = UserAccount.swift; sourceTree = "<group>"; };
		922F89081E6F9BB4002631BA /* OAuthViewController.swift */ = {isa = PBXFileReference; fileEncoding = 4; lastKnownFileType = sourcecode.swift; path = OAuthViewController.swift; sourceTree = "<group>"; };
		922F89091E6F9BB4002631BA /* OAuthViewController.xib */ = {isa = PBXFileReference; fileEncoding = 4; lastKnownFileType = file.xib; path = OAuthViewController.xib; sourceTree = "<group>"; };
		9241AD061E6E56CB008D8BD5 /* MainVCSettings.json */ = {isa = PBXFileReference; fileEncoding = 4; lastKnownFileType = text.json; path = MainVCSettings.json; sourceTree = "<group>"; };
		9241AD081E6E622D008D8BD5 /* UIButton+Extension.swift */ = {isa = PBXFileReference; fileEncoding = 4; lastKnownFileType = sourcecode.swift; path = "UIButton+Extension.swift"; sourceTree = "<group>"; };
		9241AD1C1E6E8CC4008D8BD5 /* Main.storyboard */ = {isa = PBXFileReference; fileEncoding = 4; lastKnownFileType = file.storyboard; path = Main.storyboard; sourceTree = "<group>"; };
		9241AD1E1E6E8D14008D8BD5 /* Home.storyboard */ = {isa = PBXFileReference; fileEncoding = 4; lastKnownFileType = file.storyboard; path = Home.storyboard; sourceTree = "<group>"; };
		9241AD201E6E8DE4008D8BD5 /* Message.storyboard */ = {isa = PBXFileReference; fileEncoding = 4; lastKnownFileType = file.storyboard; name = Message.storyboard; path = SLWeiBo/Classes/Message/Controller/Message.storyboard; sourceTree = SOURCE_ROOT; };
		9241AD221E6E8EC0008D8BD5 /* Compose.storyboard */ = {isa = PBXFileReference; fileEncoding = 4; lastKnownFileType = file.storyboard; path = Compose.storyboard; sourceTree = "<group>"; };
		9241AD241E6E8F08008D8BD5 /* Discover.storyboard */ = {isa = PBXFileReference; fileEncoding = 4; lastKnownFileType = file.storyboard; path = Discover.storyboard; sourceTree = "<group>"; };
		9241AD261E6E8F21008D8BD5 /* Profile.storyboard */ = {isa = PBXFileReference; fileEncoding = 4; lastKnownFileType = file.storyboard; path = Profile.storyboard; sourceTree = "<group>"; };
		9241AD281E6E968C008D8BD5 /* VisitorView.swift */ = {isa = PBXFileReference; fileEncoding = 4; lastKnownFileType = sourcecode.swift; path = VisitorView.swift; sourceTree = "<group>"; };
		9241AD2A1E6E969D008D8BD5 /* VisitorView.xib */ = {isa = PBXFileReference; fileEncoding = 4; lastKnownFileType = file.xib; path = VisitorView.xib; sourceTree = "<group>"; };
		9241AD321E6E9A47008D8BD5 /* BaseTableViewController.swift */ = {isa = PBXFileReference; fileEncoding = 4; lastKnownFileType = sourcecode.swift; path = BaseTableViewController.swift; sourceTree = "<group>"; };
		9241AD361E6EA619008D8BD5 /* UIBarButtonItem+Extension.swift */ = {isa = PBXFileReference; fileEncoding = 4; lastKnownFileType = sourcecode.swift; path = "UIBarButtonItem+Extension.swift"; sourceTree = "<group>"; };
		9241AD381E6EAADD008D8BD5 /* TitleButton.swift */ = {isa = PBXFileReference; fileEncoding = 4; lastKnownFileType = sourcecode.swift; path = TitleButton.swift; sourceTree = "<group>"; };
		9241AD4A1E6EB6A9008D8BD5 /* PopoverViewController.swift */ = {isa = PBXFileReference; fileEncoding = 4; lastKnownFileType = sourcecode.swift; path = PopoverViewController.swift; sourceTree = "<group>"; };
		9241AD4B1E6EB6A9008D8BD5 /* PopoverViewController.xib */ = {isa = PBXFileReference; fileEncoding = 4; lastKnownFileType = file.xib; path = PopoverViewController.xib; sourceTree = "<group>"; };
		9241AD4E1E6EB79B008D8BD5 /* SLPresentationController.swift */ = {isa = PBXFileReference; fileEncoding = 4; lastKnownFileType = sourcecode.swift; path = SLPresentationController.swift; sourceTree = "<group>"; };
		9241AD501E6EBB33008D8BD5 /* PopoverAnimator.swift */ = {isa = PBXFileReference; fileEncoding = 4; lastKnownFileType = sourcecode.swift; path = PopoverAnimator.swift; sourceTree = "<group>"; };
		9241AD5A1E6EE2D4008D8BD5 /* QRCode.storyboard */ = {isa = PBXFileReference; fileEncoding = 4; lastKnownFileType = file.storyboard; path = QRCode.storyboard; sourceTree = "<group>"; };
		9241AD5B1E6EE2D4008D8BD5 /* QRCodeViewController.swift */ = {isa = PBXFileReference; fileEncoding = 4; lastKnownFileType = sourcecode.swift; path = QRCodeViewController.swift; sourceTree = "<group>"; };
		9241AD5E1E6EF558008D8BD5 /* QRCodeCreateViewController.swift */ = {isa = PBXFileReference; fileEncoding = 4; lastKnownFileType = sourcecode.swift; path = QRCodeCreateViewController.swift; sourceTree = "<group>"; };
		9250B7221E6DAA9000390BBE /* SLWeiBo.app */ = {isa = PBXFileReference; explicitFileType = wrapper.application; includeInIndex = 0; path = SLWeiBo.app; sourceTree = BUILT_PRODUCTS_DIR; };
		9250B7251E6DAA9000390BBE /* AppDelegate.swift */ = {isa = PBXFileReference; lastKnownFileType = sourcecode.swift; path = AppDelegate.swift; sourceTree = "<group>"; };
		9250B72C1E6DAA9000390BBE /* Assets.xcassets */ = {isa = PBXFileReference; lastKnownFileType = folder.assetcatalog; path = Assets.xcassets; sourceTree = "<group>"; };
		9250B72F1E6DAA9000390BBE /* Base */ = {isa = PBXFileReference; lastKnownFileType = file.storyboard; name = Base; path = Base.lproj/LaunchScreen.storyboard; sourceTree = "<group>"; };
		9250B7311E6DAA9000390BBE /* Info.plist */ = {isa = PBXFileReference; lastKnownFileType = text.plist.xml; path = Info.plist; sourceTree = "<group>"; };
		9250B7361E6DAA9000390BBE /* SLWeiBoTests.xctest */ = {isa = PBXFileReference; explicitFileType = wrapper.cfbundle; includeInIndex = 0; path = SLWeiBoTests.xctest; sourceTree = BUILT_PRODUCTS_DIR; };
		9250B73A1E6DAA9000390BBE /* SLWeiBoTests.swift */ = {isa = PBXFileReference; lastKnownFileType = sourcecode.swift; path = SLWeiBoTests.swift; sourceTree = "<group>"; };
		9250B73C1E6DAA9000390BBE /* Info.plist */ = {isa = PBXFileReference; lastKnownFileType = text.plist.xml; path = Info.plist; sourceTree = "<group>"; };
		9250B7411E6DAA9000390BBE /* SLWeiBoUITests.xctest */ = {isa = PBXFileReference; explicitFileType = wrapper.cfbundle; includeInIndex = 0; path = SLWeiBoUITests.xctest; sourceTree = BUILT_PRODUCTS_DIR; };
		9250B7451E6DAA9000390BBE /* SLWeiBoUITests.swift */ = {isa = PBXFileReference; lastKnownFileType = sourcecode.swift; path = SLWeiBoUITests.swift; sourceTree = "<group>"; };
		9250B7471E6DAA9000390BBE /* Info.plist */ = {isa = PBXFileReference; lastKnownFileType = text.plist.xml; path = Info.plist; sourceTree = "<group>"; };
		9250B76E1E6DAB6A00390BBE /* MainViewController.swift */ = {isa = PBXFileReference; fileEncoding = 4; lastKnownFileType = sourcecode.swift; path = MainViewController.swift; sourceTree = "<group>"; };
		9250B7701E6DABA200390BBE /* HomeTableViewController.swift */ = {isa = PBXFileReference; fileEncoding = 4; lastKnownFileType = sourcecode.swift; path = HomeTableViewController.swift; sourceTree = "<group>"; };
		9250B7721E6DABB000390BBE /* MessageTableViewController.swift */ = {isa = PBXFileReference; fileEncoding = 4; lastKnownFileType = sourcecode.swift; path = MessageTableViewController.swift; sourceTree = "<group>"; };
		9250B7741E6DABBC00390BBE /* DiscoverTableViewController.swift */ = {isa = PBXFileReference; fileEncoding = 4; lastKnownFileType = sourcecode.swift; path = DiscoverTableViewController.swift; sourceTree = "<group>"; };
		9250B7761E6DABC600390BBE /* ProfileTableViewController.swift */ = {isa = PBXFileReference; fileEncoding = 4; lastKnownFileType = sourcecode.swift; path = ProfileTableViewController.swift; sourceTree = "<group>"; };
		9250B7781E6DB11E00390BBE /* ComposeViewController.swift */ = {isa = PBXFileReference; fileEncoding = 4; lastKnownFileType = sourcecode.swift; path = ComposeViewController.swift; sourceTree = "<group>"; };
		925677EE1E73A43A00C7C227 /* UserAccountViewModel.swift */ = {isa = PBXFileReference; fileEncoding = 4; lastKnownFileType = sourcecode.swift; path = UserAccountViewModel.swift; sourceTree = "<group>"; };
		925677F41E73B0EF00C7C227 /* String+SandboxPath.swift */ = {isa = PBXFileReference; fileEncoding = 4; lastKnownFileType = sourcecode.swift; path = "String+SandboxPath.swift"; sourceTree = "<group>"; };
		928770281E727F2E00B82B73 /* NetworkTools.swift */ = {isa = PBXFileReference; fileEncoding = 4; lastKnownFileType = sourcecode.swift; path = NetworkTools.swift; sourceTree = "<group>"; };
		929658E81E755222008D7E36 /* WelcomeViewController.swift */ = {isa = PBXFileReference; fileEncoding = 4; lastKnownFileType = sourcecode.swift; path = WelcomeViewController.swift; sourceTree = "<group>"; };
		929658EC1E75581A008D7E36 /* WelcomeViewController.xib */ = {isa = PBXFileReference; fileEncoding = 4; lastKnownFileType = file.xib; path = WelcomeViewController.xib; sourceTree = "<group>"; };
		929F30C31E728DBD00E7104B /* OAuthInfo.swift */ = {isa = PBXFileReference; fileEncoding = 4; lastKnownFileType = sourcecode.swift; path = OAuthInfo.swift; sourceTree = "<group>"; };
		92CD80251E77F2EC00347B3A /* PicCollectionView.swift */ = {isa = PBXFileReference; fileEncoding = 4; lastKnownFileType = sourcecode.swift; path = PicCollectionView.swift; sourceTree = "<group>"; };
		92F963F61E76A56200ABD8DA /* Common.swift */ = {isa = PBXFileReference; fileEncoding = 4; lastKnownFileType = sourcecode.swift; path = Common.swift; sourceTree = "<group>"; };
		92F964041E76DEE000ABD8DA /* Status.swift */ = {isa = PBXFileReference; fileEncoding = 4; lastKnownFileType = sourcecode.swift; path = Status.swift; sourceTree = "<group>"; };
		9B5B0EB0965765B8CD956DDE /* Pods-SLWeiBoTests.debug.xcconfig */ = {isa = PBXFileReference; includeInIndex = 1; lastKnownFileType = text.xcconfig; name = "Pods-SLWeiBoTests.debug.xcconfig"; path = "Pods/Target Support Files/Pods-SLWeiBoTests/Pods-SLWeiBoTests.debug.xcconfig"; sourceTree = "<group>"; };
		A21F5230D931D0372DB2FA85 /* Pods-SLWeiBo.debug.xcconfig */ = {isa = PBXFileReference; includeInIndex = 1; lastKnownFileType = text.xcconfig; name = "Pods-SLWeiBo.debug.xcconfig"; path = "Pods/Target Support Files/Pods-SLWeiBo/Pods-SLWeiBo.debug.xcconfig"; sourceTree = "<group>"; };
		C667F88693BD8BA1196719EF /* Pods_SLWeiBoTests.framework */ = {isa = PBXFileReference; explicitFileType = wrapper.framework; includeInIndex = 0; path = Pods_SLWeiBoTests.framework; sourceTree = BUILT_PRODUCTS_DIR; };
		CAF1DB21D87F4CC524DBC1A7 /* Pods_SLWeiBo.framework */ = {isa = PBXFileReference; explicitFileType = wrapper.framework; includeInIndex = 0; path = Pods_SLWeiBo.framework; sourceTree = BUILT_PRODUCTS_DIR; };
		D938CE3B40685441A25E14C3 /* Pods-SLWeiBo.release.xcconfig */ = {isa = PBXFileReference; includeInIndex = 1; lastKnownFileType = text.xcconfig; name = "Pods-SLWeiBo.release.xcconfig"; path = "Pods/Target Support Files/Pods-SLWeiBo/Pods-SLWeiBo.release.xcconfig"; sourceTree = "<group>"; };
		DFAB48D3CD56AC50784049C1 /* Pods-SLWeiBoTests.release.xcconfig */ = {isa = PBXFileReference; includeInIndex = 1; lastKnownFileType = text.xcconfig; name = "Pods-SLWeiBoTests.release.xcconfig"; path = "Pods/Target Support Files/Pods-SLWeiBoTests/Pods-SLWeiBoTests.release.xcconfig"; sourceTree = "<group>"; };
		E024BC3124D77CE7972AFA7D /* Pods-SLWeiBoUITests.release.xcconfig */ = {isa = PBXFileReference; includeInIndex = 1; lastKnownFileType = text.xcconfig; name = "Pods-SLWeiBoUITests.release.xcconfig"; path = "Pods/Target Support Files/Pods-SLWeiBoUITests/Pods-SLWeiBoUITests.release.xcconfig"; sourceTree = "<group>"; };
/* End PBXFileReference section */

/* Begin PBXFrameworksBuildPhase section */
		9250B71F1E6DAA9000390BBE /* Frameworks */ = {
			isa = PBXFrameworksBuildPhase;
			buildActionMask = 2147483647;
			files = (
				86CE7346CEB94E33BF1E1F63 /* Pods_SLWeiBo.framework in Frameworks */,
			);
			runOnlyForDeploymentPostprocessing = 0;
		};
		9250B7331E6DAA9000390BBE /* Frameworks */ = {
			isa = PBXFrameworksBuildPhase;
			buildActionMask = 2147483647;
			files = (
				0A9D2BEBFD6989F2AE1BC97A /* Pods_SLWeiBoTests.framework in Frameworks */,
			);
			runOnlyForDeploymentPostprocessing = 0;
		};
		9250B73E1E6DAA9000390BBE /* Frameworks */ = {
			isa = PBXFrameworksBuildPhase;
			buildActionMask = 2147483647;
			files = (
				AD92AC51B3E9EA7EE3E57344 /* Pods_SLWeiBoUITests.framework in Frameworks */,
			);
			runOnlyForDeploymentPostprocessing = 0;
		};
/* End PBXFrameworksBuildPhase section */

/* Begin PBXGroup section */
		66D52900455B3ACA551F0E8A /* Frameworks */ = {
			isa = PBXGroup;
			children = (
				CAF1DB21D87F4CC524DBC1A7 /* Pods_SLWeiBo.framework */,
				C667F88693BD8BA1196719EF /* Pods_SLWeiBoTests.framework */,
				7315829F06E61C78B8021EE0 /* Pods_SLWeiBoUITests.framework */,
			);
			name = Frameworks;
			sourceTree = "<group>";
		};
		9217BB741E73F1C100F26475 /* Newfeature */ = {
			isa = PBXGroup;
			children = (
				9217BB751E73F1C100F26475 /* Newfeature.storyboard */,
				9217BB761E73F1C100F26475 /* NewfeatureViewController.swift */,
			);
			path = Newfeature;
			sourceTree = "<group>";
		};
		922E84311E72C85600CE80C0 /* View */ = {
			isa = PBXGroup;
			children = (
			);
			path = View;
			sourceTree = "<group>";
		};
		922E84321E72C86200CE80C0 /* Mode */ = {
			isa = PBXGroup;
			children = (
				922E84341E72C8CC00CE80C0 /* UserAccount.swift */,
				925677EE1E73A43A00C7C227 /* UserAccountViewModel.swift */,
			);
			path = Mode;
			sourceTree = "<group>";
		};
		922E84331E72C86D00CE80C0 /* Controller */ = {
			isa = PBXGroup;
			children = (
				922F89081E6F9BB4002631BA /* OAuthViewController.swift */,
				922F89091E6F9BB4002631BA /* OAuthViewController.xib */,
			);
			path = Controller;
			sourceTree = "<group>";
		};
		922F89071E6F9BB4002631BA /* OAuth */ = {
			isa = PBXGroup;
			children = (
				922E84331E72C86D00CE80C0 /* Controller */,
				922E84321E72C86200CE80C0 /* Mode */,
				922E84311E72C85600CE80C0 /* View */,
				929F30C31E728DBD00E7104B /* OAuthInfo.swift */,
			);
			path = OAuth;
			sourceTree = "<group>";
		};
		9241AD051E6E56CB008D8BD5 /* Resource */ = {
			isa = PBXGroup;
			children = (
				9241AD061E6E56CB008D8BD5 /* MainVCSettings.json */,
			);
			path = Resource;
			sourceTree = "<group>";
		};
		9241AD471E6EB569008D8BD5 /* Popover */ = {
			isa = PBXGroup;
			children = (
				9241AD4A1E6EB6A9008D8BD5 /* PopoverViewController.swift */,
				9241AD4B1E6EB6A9008D8BD5 /* PopoverViewController.xib */,
				9241AD4E1E6EB79B008D8BD5 /* SLPresentationController.swift */,
				9241AD501E6EBB33008D8BD5 /* PopoverAnimator.swift */,
			);
			path = Popover;
			sourceTree = "<group>";
		};
		9241AD591E6EE2B7008D8BD5 /* QRCode */ = {
			isa = PBXGroup;
			children = (
				9241AD5A1E6EE2D4008D8BD5 /* QRCode.storyboard */,
				9241AD5B1E6EE2D4008D8BD5 /* QRCodeViewController.swift */,
				9241AD5E1E6EF558008D8BD5 /* QRCodeCreateViewController.swift */,
			);
			path = QRCode;
			sourceTree = "<group>";
		};
		9250B7191E6DAA9000390BBE = {
			isa = PBXGroup;
			children = (
				9250B7241E6DAA9000390BBE /* SLWeiBo */,
				9250B7391E6DAA9000390BBE /* SLWeiBoTests */,
				9250B7441E6DAA9000390BBE /* SLWeiBoUITests */,
				9250B7231E6DAA9000390BBE /* Products */,
				C8AB102599205870F71E7A50 /* Pods */,
				66D52900455B3ACA551F0E8A /* Frameworks */,
			);
			sourceTree = "<group>";
		};
		9250B7231E6DAA9000390BBE /* Products */ = {
			isa = PBXGroup;
			children = (
				9250B7221E6DAA9000390BBE /* SLWeiBo.app */,
				9250B7361E6DAA9000390BBE /* SLWeiBoTests.xctest */,
				9250B7411E6DAA9000390BBE /* SLWeiBoUITests.xctest */,
			);
			name = Products;
			sourceTree = "<group>";
		};
		9250B7241E6DAA9000390BBE /* SLWeiBo */ = {
			isa = PBXGroup;
			children = (
				9250B7251E6DAA9000390BBE /* AppDelegate.swift */,
				9250B7531E6DAAAC00390BBE /* Classes */,
				9250B72C1E6DAA9000390BBE /* Assets.xcassets */,
				9250B72E1E6DAA9000390BBE /* LaunchScreen.storyboard */,
				9250B7311E6DAA9000390BBE /* Info.plist */,
			);
			path = SLWeiBo;
			sourceTree = "<group>";
		};
		9250B7391E6DAA9000390BBE /* SLWeiBoTests */ = {
			isa = PBXGroup;
			children = (
				9250B73A1E6DAA9000390BBE /* SLWeiBoTests.swift */,
				9250B73C1E6DAA9000390BBE /* Info.plist */,
			);
			path = SLWeiBoTests;
			sourceTree = "<group>";
		};
		9250B7441E6DAA9000390BBE /* SLWeiBoUITests */ = {
			isa = PBXGroup;
			children = (
				9250B7451E6DAA9000390BBE /* SLWeiBoUITests.swift */,
				9250B7471E6DAA9000390BBE /* Info.plist */,
			);
			path = SLWeiBoUITests;
			sourceTree = "<group>";
		};
		9250B7531E6DAAAC00390BBE /* Classes */ = {
			isa = PBXGroup;
			children = (
				929658E71E7551FE008D7E36 /* Welcome */,
				9217BB741E73F1C100F26475 /* Newfeature */,
				9250B7601E6DAAAC00390BBE /* Main */,
				922F89071E6F9BB4002631BA /* OAuth */,
				9250B75C1E6DAAAC00390BBE /* Home */,
				9250B7641E6DAAAC00390BBE /* Message */,
				9250B7541E6DAAAC00390BBE /* Compose */,
				9250B7581E6DAAAC00390BBE /* Discover */,
				9250B7681E6DAAAC00390BBE /* Profile */,
				9250B76C1E6DAAAC00390BBE /* Tools */,
			);
			path = Classes;
			sourceTree = "<group>";
		};
		9250B7541E6DAAAC00390BBE /* Compose */ = {
			isa = PBXGroup;
			children = (
				9250B7551E6DAAAC00390BBE /* Controller */,
				9250B7561E6DAAAC00390BBE /* Model */,
				9250B7571E6DAAAC00390BBE /* View */,
			);
			path = Compose;
			sourceTree = "<group>";
		};
		9250B7551E6DAAAC00390BBE /* Controller */ = {
			isa = PBXGroup;
			children = (
				9250B7781E6DB11E00390BBE /* ComposeViewController.swift */,
				9241AD221E6E8EC0008D8BD5 /* Compose.storyboard */,
			);
			path = Controller;
			sourceTree = "<group>";
		};
		9250B7561E6DAAAC00390BBE /* Model */ = {
			isa = PBXGroup;
			children = (
			);
			path = Model;
			sourceTree = "<group>";
		};
		9250B7571E6DAAAC00390BBE /* View */ = {
			isa = PBXGroup;
			children = (
			);
			path = View;
			sourceTree = "<group>";
		};
		9250B7581E6DAAAC00390BBE /* Discover */ = {
			isa = PBXGroup;
			children = (
				9250B7591E6DAAAC00390BBE /* Controller */,
				9250B75A1E6DAAAC00390BBE /* Model */,
				9250B75B1E6DAAAC00390BBE /* View */,
			);
			path = Discover;
			sourceTree = "<group>";
		};
		9250B7591E6DAAAC00390BBE /* Controller */ = {
			isa = PBXGroup;
			children = (
				9250B7741E6DABBC00390BBE /* DiscoverTableViewController.swift */,
				9241AD241E6E8F08008D8BD5 /* Discover.storyboard */,
			);
			path = Controller;
			sourceTree = "<group>";
		};
		9250B75A1E6DAAAC00390BBE /* Model */ = {
			isa = PBXGroup;
			children = (
			);
			path = Model;
			sourceTree = "<group>";
		};
		9250B75B1E6DAAAC00390BBE /* View */ = {
			isa = PBXGroup;
			children = (
			);
			path = View;
			sourceTree = "<group>";
		};
		9250B75C1E6DAAAC00390BBE /* Home */ = {
			isa = PBXGroup;
			children = (
				9241AD591E6EE2B7008D8BD5 /* QRCode */,
				9241AD471E6EB569008D8BD5 /* Popover */,
				9250B75D1E6DAAAC00390BBE /* Controller */,
				9250B75E1E6DAAAC00390BBE /* Model */,
				9250B75F1E6DAAAC00390BBE /* View */,
			);
			path = Home;
			sourceTree = "<group>";
		};
		9250B75D1E6DAAAC00390BBE /* Controller */ = {
			isa = PBXGroup;
			children = (
				9250B7701E6DABA200390BBE /* HomeTableViewController.swift */,
				9241AD1E1E6E8D14008D8BD5 /* Home.storyboard */,
			);
			path = Controller;
			sourceTree = "<group>";
		};
		9250B75E1E6DAAAC00390BBE /* Model */ = {
			isa = PBXGroup;
			children = (
				92F964041E76DEE000ABD8DA /* Status.swift */,
				922038AC1E778A0700C84FCE /* User.swift */,
				922038AE1E778C6200C84FCE /* StatusViewModel.swift */,
			);
			path = Model;
			sourceTree = "<group>";
		};
		9250B75F1E6DAAAC00390BBE /* View */ = {
			isa = PBXGroup;
			children = (
				9241AD281E6E968C008D8BD5 /* VisitorView.swift */,
				9241AD2A1E6E969D008D8BD5 /* VisitorView.xib */,
				922038B21E7799E000C84FCE /* HomeViewCell.swift */,
				92CD80251E77F2EC00347B3A /* PicCollectionView.swift */,
			);
			path = View;
			sourceTree = "<group>";
		};
		9250B7601E6DAAAC00390BBE /* Main */ = {
			isa = PBXGroup;
			children = (
				9241AD051E6E56CB008D8BD5 /* Resource */,
				9250B7611E6DAAAC00390BBE /* Controller */,
				9250B7621E6DAAAC00390BBE /* Model */,
				9250B7631E6DAAAC00390BBE /* View */,
			);
			path = Main;
			sourceTree = "<group>";
		};
		9250B7611E6DAAAC00390BBE /* Controller */ = {
			isa = PBXGroup;
			children = (
				9250B76E1E6DAB6A00390BBE /* MainViewController.swift */,
				9241AD1C1E6E8CC4008D8BD5 /* Main.storyboard */,
				9241AD321E6E9A47008D8BD5 /* BaseTableViewController.swift */,
			);
			path = Controller;
			sourceTree = "<group>";
		};
		9250B7621E6DAAAC00390BBE /* Model */ = {
			isa = PBXGroup;
			children = (
			);
			path = Model;
			sourceTree = "<group>";
		};
		9250B7631E6DAAAC00390BBE /* View */ = {
			isa = PBXGroup;
			children = (
			);
			path = View;
			sourceTree = "<group>";
		};
		9250B7641E6DAAAC00390BBE /* Message */ = {
			isa = PBXGroup;
			children = (
				9250B7651E6DAAAC00390BBE /* Controller */,
				9250B7661E6DAAAC00390BBE /* Model */,
				9250B7671E6DAAAC00390BBE /* View */,
			);
			path = Message;
			sourceTree = "<group>";
		};
		9250B7651E6DAAAC00390BBE /* Controller */ = {
			isa = PBXGroup;
			children = (
				9250B7721E6DABB000390BBE /* MessageTableViewController.swift */,
				9241AD201E6E8DE4008D8BD5 /* Message.storyboard */,
			);
			path = Controller;
			sourceTree = "<group>";
		};
		9250B7661E6DAAAC00390BBE /* Model */ = {
			isa = PBXGroup;
			children = (
			);
			path = Model;
			sourceTree = "<group>";
		};
		9250B7671E6DAAAC00390BBE /* View */ = {
			isa = PBXGroup;
			children = (
			);
			path = View;
			sourceTree = "<group>";
		};
		9250B7681E6DAAAC00390BBE /* Profile */ = {
			isa = PBXGroup;
			children = (
				9250B7691E6DAAAC00390BBE /* Controller */,
				9250B76A1E6DAAAC00390BBE /* Model */,
				9250B76B1E6DAAAC00390BBE /* View */,
			);
			path = Profile;
			sourceTree = "<group>";
		};
		9250B7691E6DAAAC00390BBE /* Controller */ = {
			isa = PBXGroup;
			children = (
				9250B7761E6DABC600390BBE /* ProfileTableViewController.swift */,
				9241AD261E6E8F21008D8BD5 /* Profile.storyboard */,
			);
			path = Controller;
			sourceTree = "<group>";
		};
		9250B76A1E6DAAAC00390BBE /* Model */ = {
			isa = PBXGroup;
			children = (
			);
			path = Model;
			sourceTree = "<group>";
		};
		9250B76B1E6DAAAC00390BBE /* View */ = {
			isa = PBXGroup;
			children = (
			);
			path = View;
			sourceTree = "<group>";
		};
		9250B76C1E6DAAAC00390BBE /* Tools */ = {
			isa = PBXGroup;
			children = (
				9250B76D1E6DAAAC00390BBE /* Category */,
				9241AD381E6EAADD008D8BD5 /* TitleButton.swift */,
				928770281E727F2E00B82B73 /* NetworkTools.swift */,
				92F963F61E76A56200ABD8DA /* Common.swift */,
			);
			path = Tools;
			sourceTree = "<group>";
		};
		9250B76D1E6DAAAC00390BBE /* Category */ = {
			isa = PBXGroup;
			children = (
				9241AD081E6E622D008D8BD5 /* UIButton+Extension.swift */,
				9241AD361E6EA619008D8BD5 /* UIBarButtonItem+Extension.swift */,
				925677F41E73B0EF00C7C227 /* String+SandboxPath.swift */,
				922038AA1E77895800C84FCE /* NSDate+DealWithtime.swift */,
			);
			path = Category;
			sourceTree = "<group>";
		};
		929658E71E7551FE008D7E36 /* Welcome */ = {
			isa = PBXGroup;
			children = (
				929658EC1E75581A008D7E36 /* WelcomeViewController.xib */,
				929658E81E755222008D7E36 /* WelcomeViewController.swift */,
			);
			path = Welcome;
			sourceTree = "<group>";
		};
		C8AB102599205870F71E7A50 /* Pods */ = {
			isa = PBXGroup;
			children = (
				A21F5230D931D0372DB2FA85 /* Pods-SLWeiBo.debug.xcconfig */,
				D938CE3B40685441A25E14C3 /* Pods-SLWeiBo.release.xcconfig */,
				9B5B0EB0965765B8CD956DDE /* Pods-SLWeiBoTests.debug.xcconfig */,
				DFAB48D3CD56AC50784049C1 /* Pods-SLWeiBoTests.release.xcconfig */,
				334482B8173C18A943CC55A0 /* Pods-SLWeiBoUITests.debug.xcconfig */,
				E024BC3124D77CE7972AFA7D /* Pods-SLWeiBoUITests.release.xcconfig */,
			);
			name = Pods;
			sourceTree = "<group>";
		};
/* End PBXGroup section */

/* Begin PBXNativeTarget section */
		9250B7211E6DAA9000390BBE /* SLWeiBo */ = {
			isa = PBXNativeTarget;
			buildConfigurationList = 9250B74A1E6DAA9000390BBE /* Build configuration list for PBXNativeTarget "SLWeiBo" */;
			buildPhases = (
				A840B1FF5403503B11A5C607 /* [CP] Check Pods Manifest.lock */,
				9250B71E1E6DAA9000390BBE /* Sources */,
				9250B71F1E6DAA9000390BBE /* Frameworks */,
				9250B7201E6DAA9000390BBE /* Resources */,
				3E3BD3521AEF4DD722A233F0 /* [CP] Embed Pods Frameworks */,
				94069FB751AEF9BEC8E6AE39 /* [CP] Copy Pods Resources */,
			);
			buildRules = (
			);
			dependencies = (
			);
			name = SLWeiBo;
			productName = SLWeiBo;
			productReference = 9250B7221E6DAA9000390BBE /* SLWeiBo.app */;
			productType = "com.apple.product-type.application";
		};
		9250B7351E6DAA9000390BBE /* SLWeiBoTests */ = {
			isa = PBXNativeTarget;
			buildConfigurationList = 9250B74D1E6DAA9000390BBE /* Build configuration list for PBXNativeTarget "SLWeiBoTests" */;
			buildPhases = (
				63E9D7A4C627790F4C41F342 /* [CP] Check Pods Manifest.lock */,
				9250B7321E6DAA9000390BBE /* Sources */,
				9250B7331E6DAA9000390BBE /* Frameworks */,
				9250B7341E6DAA9000390BBE /* Resources */,
				F3D3EEDD4D654B8756CD8E00 /* [CP] Embed Pods Frameworks */,
				12151DE1FD72192A042C9F52 /* [CP] Copy Pods Resources */,
			);
			buildRules = (
			);
			dependencies = (
				9250B7381E6DAA9000390BBE /* PBXTargetDependency */,
			);
			name = SLWeiBoTests;
			productName = SLWeiBoTests;
			productReference = 9250B7361E6DAA9000390BBE /* SLWeiBoTests.xctest */;
			productType = "com.apple.product-type.bundle.unit-test";
		};
		9250B7401E6DAA9000390BBE /* SLWeiBoUITests */ = {
			isa = PBXNativeTarget;
			buildConfigurationList = 9250B7501E6DAA9000390BBE /* Build configuration list for PBXNativeTarget "SLWeiBoUITests" */;
			buildPhases = (
				6887660461F4B8D8156606E9 /* [CP] Check Pods Manifest.lock */,
				9250B73D1E6DAA9000390BBE /* Sources */,
				9250B73E1E6DAA9000390BBE /* Frameworks */,
				9250B73F1E6DAA9000390BBE /* Resources */,
				6B95C3BCFF9D1726F333253D /* [CP] Copy Pods Resources */,
			);
			buildRules = (
			);
			dependencies = (
				9250B7431E6DAA9000390BBE /* PBXTargetDependency */,
			);
			name = SLWeiBoUITests;
			productName = SLWeiBoUITests;
			productReference = 9250B7411E6DAA9000390BBE /* SLWeiBoUITests.xctest */;
			productType = "com.apple.product-type.bundle.ui-testing";
		};
/* End PBXNativeTarget section */

/* Begin PBXProject section */
		9250B71A1E6DAA9000390BBE /* Project object */ = {
			isa = PBXProject;
			attributes = {
				LastSwiftUpdateCheck = 0730;
				LastUpgradeCheck = 0730;
				ORGANIZATIONNAME = SLZeng;
				TargetAttributes = {
					9250B7211E6DAA9000390BBE = {
						CreatedOnToolsVersion = 7.3.1;
					};
					9250B7351E6DAA9000390BBE = {
						CreatedOnToolsVersion = 7.3.1;
						TestTargetID = 9250B7211E6DAA9000390BBE;
					};
					9250B7401E6DAA9000390BBE = {
						CreatedOnToolsVersion = 7.3.1;
						TestTargetID = 9250B7211E6DAA9000390BBE;
					};
				};
			};
			buildConfigurationList = 9250B71D1E6DAA9000390BBE /* Build configuration list for PBXProject "SLWeiBo" */;
			compatibilityVersion = "Xcode 3.2";
			developmentRegion = English;
			hasScannedForEncodings = 0;
			knownRegions = (
				en,
				Base,
			);
			mainGroup = 9250B7191E6DAA9000390BBE;
			productRefGroup = 9250B7231E6DAA9000390BBE /* Products */;
			projectDirPath = "";
			projectRoot = "";
			targets = (
				9250B7211E6DAA9000390BBE /* SLWeiBo */,
				9250B7351E6DAA9000390BBE /* SLWeiBoTests */,
				9250B7401E6DAA9000390BBE /* SLWeiBoUITests */,
			);
		};
/* End PBXProject section */

/* Begin PBXResourcesBuildPhase section */
		9250B7201E6DAA9000390BBE /* Resources */ = {
			isa = PBXResourcesBuildPhase;
			buildActionMask = 2147483647;
			files = (
				9250B7301E6DAA9000390BBE /* LaunchScreen.storyboard in Resources */,
				9241AD2B1E6E969D008D8BD5 /* VisitorView.xib in Resources */,
				9241AD251E6E8F08008D8BD5 /* Discover.storyboard in Resources */,
				9241AD1F1E6E8D14008D8BD5 /* Home.storyboard in Resources */,
				9250B72D1E6DAA9000390BBE /* Assets.xcassets in Resources */,
				929658ED1E75581A008D7E36 /* WelcomeViewController.xib in Resources */,
				922F890B1E6F9BB4002631BA /* OAuthViewController.xib in Resources */,
				9241AD071E6E56CB008D8BD5 /* MainVCSettings.json in Resources */,
				9241AD4D1E6EB6A9008D8BD5 /* PopoverViewController.xib in Resources */,
				9241AD211E6E8DE4008D8BD5 /* Message.storyboard in Resources */,
				9241AD271E6E8F21008D8BD5 /* Profile.storyboard in Resources */,
				9217BB771E73F1C100F26475 /* Newfeature.storyboard in Resources */,
				9241AD231E6E8EC0008D8BD5 /* Compose.storyboard in Resources */,
				9241AD5C1E6EE2D4008D8BD5 /* QRCode.storyboard in Resources */,
				9241AD1D1E6E8CC4008D8BD5 /* Main.storyboard in Resources */,
			);
			runOnlyForDeploymentPostprocessing = 0;
		};
		9250B7341E6DAA9000390BBE /* Resources */ = {
			isa = PBXResourcesBuildPhase;
			buildActionMask = 2147483647;
			files = (
			);
			runOnlyForDeploymentPostprocessing = 0;
		};
		9250B73F1E6DAA9000390BBE /* Resources */ = {
			isa = PBXResourcesBuildPhase;
			buildActionMask = 2147483647;
			files = (
			);
			runOnlyForDeploymentPostprocessing = 0;
		};
/* End PBXResourcesBuildPhase section */

/* Begin PBXShellScriptBuildPhase section */
		12151DE1FD72192A042C9F52 /* [CP] Copy Pods Resources */ = {
			isa = PBXShellScriptBuildPhase;
			buildActionMask = 2147483647;
			files = (
			);
			inputPaths = (
			);
			name = "[CP] Copy Pods Resources";
			outputPaths = (
			);
			runOnlyForDeploymentPostprocessing = 0;
			shellPath = /bin/sh;
			shellScript = "\"${SRCROOT}/Pods/Target Support Files/Pods-SLWeiBoTests/Pods-SLWeiBoTests-resources.sh\"\n";
			showEnvVarsInLog = 0;
		};
		3E3BD3521AEF4DD722A233F0 /* [CP] Embed Pods Frameworks */ = {
			isa = PBXShellScriptBuildPhase;
			buildActionMask = 2147483647;
			files = (
			);
			inputPaths = (
			);
			name = "[CP] Embed Pods Frameworks";
			outputPaths = (
			);
			runOnlyForDeploymentPostprocessing = 0;
			shellPath = /bin/sh;
			shellScript = "\"${SRCROOT}/Pods/Target Support Files/Pods-SLWeiBo/Pods-SLWeiBo-frameworks.sh\"\n";
			showEnvVarsInLog = 0;
		};
		63E9D7A4C627790F4C41F342 /* [CP] Check Pods Manifest.lock */ = {
			isa = PBXShellScriptBuildPhase;
			buildActionMask = 2147483647;
			files = (
			);
			inputPaths = (
			);
			name = "[CP] Check Pods Manifest.lock";
			outputPaths = (
			);
			runOnlyForDeploymentPostprocessing = 0;
			shellPath = /bin/sh;
			shellScript = "diff \"${PODS_ROOT}/../Podfile.lock\" \"${PODS_ROOT}/Manifest.lock\" > /dev/null\nif [[ $? != 0 ]] ; then\n    cat << EOM\nerror: The sandbox is not in sync with the Podfile.lock. Run 'pod install' or update your CocoaPods installation.\nEOM\n    exit 1\nfi\n";
			showEnvVarsInLog = 0;
		};
		6887660461F4B8D8156606E9 /* [CP] Check Pods Manifest.lock */ = {
			isa = PBXShellScriptBuildPhase;
			buildActionMask = 2147483647;
			files = (
			);
			inputPaths = (
			);
			name = "[CP] Check Pods Manifest.lock";
			outputPaths = (
			);
			runOnlyForDeploymentPostprocessing = 0;
			shellPath = /bin/sh;
			shellScript = "diff \"${PODS_ROOT}/../Podfile.lock\" \"${PODS_ROOT}/Manifest.lock\" > /dev/null\nif [[ $? != 0 ]] ; then\n    cat << EOM\nerror: The sandbox is not in sync with the Podfile.lock. Run 'pod install' or update your CocoaPods installation.\nEOM\n    exit 1\nfi\n";
			showEnvVarsInLog = 0;
		};
		6B95C3BCFF9D1726F333253D /* [CP] Copy Pods Resources */ = {
			isa = PBXShellScriptBuildPhase;
			buildActionMask = 2147483647;
			files = (
			);
			inputPaths = (
			);
			name = "[CP] Copy Pods Resources";
			outputPaths = (
			);
			runOnlyForDeploymentPostprocessing = 0;
			shellPath = /bin/sh;
			shellScript = "\"${SRCROOT}/Pods/Target Support Files/Pods-SLWeiBoUITests/Pods-SLWeiBoUITests-resources.sh\"\n";
			showEnvVarsInLog = 0;
		};
		94069FB751AEF9BEC8E6AE39 /* [CP] Copy Pods Resources */ = {
			isa = PBXShellScriptBuildPhase;
			buildActionMask = 2147483647;
			files = (
			);
			inputPaths = (
			);
			name = "[CP] Copy Pods Resources";
			outputPaths = (
			);
			runOnlyForDeploymentPostprocessing = 0;
			shellPath = /bin/sh;
			shellScript = "\"${SRCROOT}/Pods/Target Support Files/Pods-SLWeiBo/Pods-SLWeiBo-resources.sh\"\n";
			showEnvVarsInLog = 0;
		};
		A840B1FF5403503B11A5C607 /* [CP] Check Pods Manifest.lock */ = {
			isa = PBXShellScriptBuildPhase;
			buildActionMask = 2147483647;
			files = (
			);
			inputPaths = (
			);
			name = "[CP] Check Pods Manifest.lock";
			outputPaths = (
			);
			runOnlyForDeploymentPostprocessing = 0;
			shellPath = /bin/sh;
			shellScript = "diff \"${PODS_ROOT}/../Podfile.lock\" \"${PODS_ROOT}/Manifest.lock\" > /dev/null\nif [[ $? != 0 ]] ; then\n    cat << EOM\nerror: The sandbox is not in sync with the Podfile.lock. Run 'pod install' or update your CocoaPods installation.\nEOM\n    exit 1\nfi\n";
			showEnvVarsInLog = 0;
		};
		F3D3EEDD4D654B8756CD8E00 /* [CP] Embed Pods Frameworks */ = {
			isa = PBXShellScriptBuildPhase;
			buildActionMask = 2147483647;
			files = (
			);
			inputPaths = (
			);
			name = "[CP] Embed Pods Frameworks";
			outputPaths = (
			);
			runOnlyForDeploymentPostprocessing = 0;
			shellPath = /bin/sh;
			shellScript = "\"${SRCROOT}/Pods/Target Support Files/Pods-SLWeiBoTests/Pods-SLWeiBoTests-frameworks.sh\"\n";
			showEnvVarsInLog = 0;
		};
/* End PBXShellScriptBuildPhase section */

/* Begin PBXSourcesBuildPhase section */
		9250B71E1E6DAA9000390BBE /* Sources */ = {
			isa = PBXSourcesBuildPhase;
			buildActionMask = 2147483647;
			files = (
				9241AD5F1E6EF558008D8BD5 /* QRCodeCreateViewController.swift in Sources */,
				9250B7771E6DABC600390BBE /* ProfileTableViewController.swift in Sources */,
				92F963F71E76A56200ABD8DA /* Common.swift in Sources */,
				922038B31E7799E000C84FCE /* HomeViewCell.swift in Sources */,
				9250B7711E6DABA200390BBE /* HomeTableViewController.swift in Sources */,
				9241AD5D1E6EE2D4008D8BD5 /* QRCodeViewController.swift in Sources */,
				9241AD4C1E6EB6A9008D8BD5 /* PopoverViewController.swift in Sources */,
				9241AD331E6E9A47008D8BD5 /* BaseTableViewController.swift in Sources */,
				922038AB1E77895800C84FCE /* NSDate+DealWithtime.swift in Sources */,
				922038AD1E778A0700C84FCE /* User.swift in Sources */,
				929658EA1E755222008D7E36 /* WelcomeViewController.swift in Sources */,
				9241AD4F1E6EB79B008D8BD5 /* SLPresentationController.swift in Sources */,
				9250B7261E6DAA9000390BBE /* AppDelegate.swift in Sources */,
				9241AD371E6EA619008D8BD5 /* UIBarButtonItem+Extension.swift in Sources */,
				925677EF1E73A43A00C7C227 /* UserAccountViewModel.swift in Sources */,
				9250B7791E6DB11E00390BBE /* ComposeViewController.swift in Sources */,
				922F890A1E6F9BB4002631BA /* OAuthViewController.swift in Sources */,
				922038AF1E778C6200C84FCE /* StatusViewModel.swift in Sources */,
				92F964051E76DEE000ABD8DA /* Status.swift in Sources */,
				9250B7731E6DABB000390BBE /* MessageTableViewController.swift in Sources */,
				928770291E727F2E00B82B73 /* NetworkTools.swift in Sources */,
				92CD80261E77F2EC00347B3A /* PicCollectionView.swift in Sources */,
				9241AD091E6E622D008D8BD5 /* UIButton+Extension.swift in Sources */,
				925677F51E73B0EF00C7C227 /* String+SandboxPath.swift in Sources */,
				9241AD511E6EBB33008D8BD5 /* PopoverAnimator.swift in Sources */,
				929F30C41E728DBD00E7104B /* OAuthInfo.swift in Sources */,
				9241AD291E6E968C008D8BD5 /* VisitorView.swift in Sources */,
				9250B7751E6DABBC00390BBE /* DiscoverTableViewController.swift in Sources */,
				9241AD391E6EAADD008D8BD5 /* TitleButton.swift in Sources */,
				9250B76F1E6DAB6A00390BBE /* MainViewController.swift in Sources */,
				9217BB781E73F1C100F26475 /* NewfeatureViewController.swift in Sources */,
				922E84351E72C8CC00CE80C0 /* UserAccount.swift in Sources */,
			);
			runOnlyForDeploymentPostprocessing = 0;
		};
		9250B7321E6DAA9000390BBE /* Sources */ = {
			isa = PBXSourcesBuildPhase;
			buildActionMask = 2147483647;
			files = (
				9250B73B1E6DAA9000390BBE /* SLWeiBoTests.swift in Sources */,
			);
			runOnlyForDeploymentPostprocessing = 0;
		};
		9250B73D1E6DAA9000390BBE /* Sources */ = {
			isa = PBXSourcesBuildPhase;
			buildActionMask = 2147483647;
			files = (
				9250B7461E6DAA9000390BBE /* SLWeiBoUITests.swift in Sources */,
			);
			runOnlyForDeploymentPostprocessing = 0;
		};
/* End PBXSourcesBuildPhase section */

/* Begin PBXTargetDependency section */
		9250B7381E6DAA9000390BBE /* PBXTargetDependency */ = {
			isa = PBXTargetDependency;
			target = 9250B7211E6DAA9000390BBE /* SLWeiBo */;
			targetProxy = 9250B7371E6DAA9000390BBE /* PBXContainerItemProxy */;
		};
		9250B7431E6DAA9000390BBE /* PBXTargetDependency */ = {
			isa = PBXTargetDependency;
			target = 9250B7211E6DAA9000390BBE /* SLWeiBo */;
			targetProxy = 9250B7421E6DAA9000390BBE /* PBXContainerItemProxy */;
		};
/* End PBXTargetDependency section */

/* Begin PBXVariantGroup section */
		9250B72E1E6DAA9000390BBE /* LaunchScreen.storyboard */ = {
			isa = PBXVariantGroup;
			children = (
				9250B72F1E6DAA9000390BBE /* Base */,
			);
			name = LaunchScreen.storyboard;
			sourceTree = "<group>";
		};
/* End PBXVariantGroup section */

/* Begin XCBuildConfiguration section */
		9250B7481E6DAA9000390BBE /* Debug */ = {
			isa = XCBuildConfiguration;
			buildSettings = {
				ALWAYS_SEARCH_USER_PATHS = NO;
				CLANG_ANALYZER_NONNULL = YES;
				CLANG_CXX_LANGUAGE_STANDARD = "gnu++0x";
				CLANG_CXX_LIBRARY = "libc++";
				CLANG_ENABLE_MODULES = YES;
				CLANG_ENABLE_OBJC_ARC = YES;
				CLANG_WARN_BOOL_CONVERSION = YES;
				CLANG_WARN_CONSTANT_CONVERSION = YES;
				CLANG_WARN_DIRECT_OBJC_ISA_USAGE = YES_ERROR;
				CLANG_WARN_EMPTY_BODY = YES;
				CLANG_WARN_ENUM_CONVERSION = YES;
				CLANG_WARN_INT_CONVERSION = YES;
				CLANG_WARN_OBJC_ROOT_CLASS = YES_ERROR;
				CLANG_WARN_UNREACHABLE_CODE = YES;
				CLANG_WARN__DUPLICATE_METHOD_MATCH = YES;
				"CODE_SIGN_IDENTITY[sdk=iphoneos*]" = "iPhone Developer";
				COPY_PHASE_STRIP = NO;
				DEBUG_INFORMATION_FORMAT = dwarf;
				ENABLE_STRICT_OBJC_MSGSEND = YES;
				ENABLE_TESTABILITY = YES;
				GCC_C_LANGUAGE_STANDARD = gnu99;
				GCC_DYNAMIC_NO_PIC = NO;
				GCC_NO_COMMON_BLOCKS = YES;
				GCC_OPTIMIZATION_LEVEL = 0;
				GCC_PREPROCESSOR_DEFINITIONS = (
					"DEBUG=1",
					"$(inherited)",
				);
				GCC_WARN_64_TO_32_BIT_CONVERSION = YES;
				GCC_WARN_ABOUT_RETURN_TYPE = YES_ERROR;
				GCC_WARN_UNDECLARED_SELECTOR = YES;
				GCC_WARN_UNINITIALIZED_AUTOS = YES_AGGRESSIVE;
				GCC_WARN_UNUSED_FUNCTION = YES;
				GCC_WARN_UNUSED_VARIABLE = YES;
				IPHONEOS_DEPLOYMENT_TARGET = 9.3;
				MTL_ENABLE_DEBUG_INFO = YES;
				ONLY_ACTIVE_ARCH = YES;
				SDKROOT = iphoneos;
				SWIFT_OPTIMIZATION_LEVEL = "-Onone";
			};
			name = Debug;
		};
		9250B7491E6DAA9000390BBE /* Release */ = {
			isa = XCBuildConfiguration;
			buildSettings = {
				ALWAYS_SEARCH_USER_PATHS = NO;
				CLANG_ANALYZER_NONNULL = YES;
				CLANG_CXX_LANGUAGE_STANDARD = "gnu++0x";
				CLANG_CXX_LIBRARY = "libc++";
				CLANG_ENABLE_MODULES = YES;
				CLANG_ENABLE_OBJC_ARC = YES;
				CLANG_WARN_BOOL_CONVERSION = YES;
				CLANG_WARN_CONSTANT_CONVERSION = YES;
				CLANG_WARN_DIRECT_OBJC_ISA_USAGE = YES_ERROR;
				CLANG_WARN_EMPTY_BODY = YES;
				CLANG_WARN_ENUM_CONVERSION = YES;
				CLANG_WARN_INT_CONVERSION = YES;
				CLANG_WARN_OBJC_ROOT_CLASS = YES_ERROR;
				CLANG_WARN_UNREACHABLE_CODE = YES;
				CLANG_WARN__DUPLICATE_METHOD_MATCH = YES;
				"CODE_SIGN_IDENTITY[sdk=iphoneos*]" = "iPhone Developer";
				COPY_PHASE_STRIP = NO;
				DEBUG_INFORMATION_FORMAT = "dwarf-with-dsym";
				ENABLE_NS_ASSERTIONS = NO;
				ENABLE_STRICT_OBJC_MSGSEND = YES;
				GCC_C_LANGUAGE_STANDARD = gnu99;
				GCC_NO_COMMON_BLOCKS = YES;
				GCC_WARN_64_TO_32_BIT_CONVERSION = YES;
				GCC_WARN_ABOUT_RETURN_TYPE = YES_ERROR;
				GCC_WARN_UNDECLARED_SELECTOR = YES;
				GCC_WARN_UNINITIALIZED_AUTOS = YES_AGGRESSIVE;
				GCC_WARN_UNUSED_FUNCTION = YES;
				GCC_WARN_UNUSED_VARIABLE = YES;
				IPHONEOS_DEPLOYMENT_TARGET = 9.3;
				MTL_ENABLE_DEBUG_INFO = NO;
				SDKROOT = iphoneos;
				VALIDATE_PRODUCT = YES;
			};
			name = Release;
		};
		9250B74B1E6DAA9000390BBE /* Debug */ = {
			isa = XCBuildConfiguration;
			baseConfigurationReference = A21F5230D931D0372DB2FA85 /* Pods-SLWeiBo.debug.xcconfig */;
			buildSettings = {
				ASSETCATALOG_COMPILER_APPICON_NAME = AppIcon;
				ASSETCATALOG_COMPILER_LAUNCHIMAGE_NAME = "Brand Assets";
				INFOPLIST_FILE = SLWeiBo/Info.plist;
				LD_RUNPATH_SEARCH_PATHS = "$(inherited) @executable_path/Frameworks";
				"OTHER_SWIFT_FLAGS[arch=*]" = "-D DEBUG";
				PRODUCT_BUNDLE_IDENTIFIER = CoderSLZeng.com.github.SLWeiBo;
				PRODUCT_NAME = "$(TARGET_NAME)";
			};
			name = Debug;
		};
		9250B74C1E6DAA9000390BBE /* Release */ = {
			isa = XCBuildConfiguration;
			baseConfigurationReference = D938CE3B40685441A25E14C3 /* Pods-SLWeiBo.release.xcconfig */;
			buildSettings = {
				ASSETCATALOG_COMPILER_APPICON_NAME = AppIcon;
				ASSETCATALOG_COMPILER_LAUNCHIMAGE_NAME = "Brand Assets";
				INFOPLIST_FILE = SLWeiBo/Info.plist;
				LD_RUNPATH_SEARCH_PATHS = "$(inherited) @executable_path/Frameworks";
				PRODUCT_BUNDLE_IDENTIFIER = CoderSLZeng.com.github.SLWeiBo;
				PRODUCT_NAME = "$(TARGET_NAME)";
			};
			name = Release;
		};
		9250B74E1E6DAA9000390BBE /* Debug */ = {
			isa = XCBuildConfiguration;
			baseConfigurationReference = 9B5B0EB0965765B8CD956DDE /* Pods-SLWeiBoTests.debug.xcconfig */;
			buildSettings = {
				BUNDLE_LOADER = "$(TEST_HOST)";
				INFOPLIST_FILE = SLWeiBoTests/Info.plist;
				LD_RUNPATH_SEARCH_PATHS = "$(inherited) @executable_path/Frameworks @loader_path/Frameworks";
				PRODUCT_BUNDLE_IDENTIFIER = CoderSLZeng.com.github.SLWeiBoTests;
				PRODUCT_NAME = "$(TARGET_NAME)";
				TEST_HOST = "$(BUILT_PRODUCTS_DIR)/SLWeiBo.app/SLWeiBo";
			};
			name = Debug;
		};
		9250B74F1E6DAA9000390BBE /* Release */ = {
			isa = XCBuildConfiguration;
			baseConfigurationReference = DFAB48D3CD56AC50784049C1 /* Pods-SLWeiBoTests.release.xcconfig */;
			buildSettings = {
				BUNDLE_LOADER = "$(TEST_HOST)";
				INFOPLIST_FILE = SLWeiBoTests/Info.plist;
				LD_RUNPATH_SEARCH_PATHS = "$(inherited) @executable_path/Frameworks @loader_path/Frameworks";
				PRODUCT_BUNDLE_IDENTIFIER = CoderSLZeng.com.github.SLWeiBoTests;
				PRODUCT_NAME = "$(TARGET_NAME)";
				TEST_HOST = "$(BUILT_PRODUCTS_DIR)/SLWeiBo.app/SLWeiBo";
			};
			name = Release;
		};
		9250B7511E6DAA9000390BBE /* Debug */ = {
			isa = XCBuildConfiguration;
			baseConfigurationReference = 334482B8173C18A943CC55A0 /* Pods-SLWeiBoUITests.debug.xcconfig */;
			buildSettings = {
				INFOPLIST_FILE = SLWeiBoUITests/Info.plist;
				LD_RUNPATH_SEARCH_PATHS = "$(inherited) @executable_path/Frameworks @loader_path/Frameworks";
				PRODUCT_BUNDLE_IDENTIFIER = CoderSLZeng.com.github.SLWeiBoUITests;
				PRODUCT_NAME = "$(TARGET_NAME)";
				TEST_TARGET_NAME = SLWeiBo;
			};
			name = Debug;
		};
		9250B7521E6DAA9000390BBE /* Release */ = {
			isa = XCBuildConfiguration;
			baseConfigurationReference = E024BC3124D77CE7972AFA7D /* Pods-SLWeiBoUITests.release.xcconfig */;
			buildSettings = {
				INFOPLIST_FILE = SLWeiBoUITests/Info.plist;
				LD_RUNPATH_SEARCH_PATHS = "$(inherited) @executable_path/Frameworks @loader_path/Frameworks";
				PRODUCT_BUNDLE_IDENTIFIER = CoderSLZeng.com.github.SLWeiBoUITests;
				PRODUCT_NAME = "$(TARGET_NAME)";
				TEST_TARGET_NAME = SLWeiBo;
			};
			name = Release;
		};
/* End XCBuildConfiguration section */

/* Begin XCConfigurationList section */
		9250B71D1E6DAA9000390BBE /* Build configuration list for PBXProject "SLWeiBo" */ = {
			isa = XCConfigurationList;
			buildConfigurations = (
				9250B7481E6DAA9000390BBE /* Debug */,
				9250B7491E6DAA9000390BBE /* Release */,
			);
			defaultConfigurationIsVisible = 0;
			defaultConfigurationName = Release;
		};
		9250B74A1E6DAA9000390BBE /* Build configuration list for PBXNativeTarget "SLWeiBo" */ = {
			isa = XCConfigurationList;
			buildConfigurations = (
				9250B74B1E6DAA9000390BBE /* Debug */,
				9250B74C1E6DAA9000390BBE /* Release */,
			);
			defaultConfigurationIsVisible = 0;
			defaultConfigurationName = Release;
		};
		9250B74D1E6DAA9000390BBE /* Build configuration list for PBXNativeTarget "SLWeiBoTests" */ = {
			isa = XCConfigurationList;
			buildConfigurations = (
				9250B74E1E6DAA9000390BBE /* Debug */,
				9250B74F1E6DAA9000390BBE /* Release */,
			);
			defaultConfigurationIsVisible = 0;
			defaultConfigurationName = Release;
		};
		9250B7501E6DAA9000390BBE /* Build configuration list for PBXNativeTarget "SLWeiBoUITests" */ = {
			isa = XCConfigurationList;
			buildConfigurations = (
				9250B7511E6DAA9000390BBE /* Debug */,
				9250B7521E6DAA9000390BBE /* Release */,
			);
			defaultConfigurationIsVisible = 0;
			defaultConfigurationName = Release;
		};
/* End XCConfigurationList section */
	};
	rootObject = 9250B71A1E6DAA9000390BBE /* Project object */;
}
